
Microsoft Visual Studio Solution File, Format Version 12.00
# Visual Studio Version 17
VisualStudioVersion = 17.1.32328.378
MinimumVisualStudioVersion = 10.0.40219.1
Project("{9A19103F-16F7-4668-BE54-9A1E7A4F7556}") = "BackEnd", "WebApplication1\BackEnd.csproj", "{09AE8574-5B81-41CB-8C36-6F3CD042919D}"
EndProject
Global
	GlobalSection(SolutionConfigurationPlatforms) = preSolution
		Debug|Any CPU = Debug|Any CPU
		Release|Any CPU = Release|Any CPU
	EndGlobalSection
	GlobalSection(ProjectConfigurationPlatforms) = postSolution
		{09AE8574-5B81-41CB-8C36-6F3CD042919D}.Debug|Any CPU.ActiveCfg = Debug|Any CPU
		{09AE8574-5B81-41CB-8C36-6F3CD042919D}.Debug|Any CPU.Build.0 = Debug|Any CPU
		{09AE8574-5B81-41CB-8C36-6F3CD042919D}.Release|Any CPU.ActiveCfg = Release|Any CPU
		{09AE8574-5B81-41CB-8C36-6F3CD042919D}.Release|Any CPU.Build.0 = Release|Any CPU
	EndGlobalSection
	GlobalSection(SolutionProperties) = preSolution
		HideSolutionNode = FALSE
	EndGlobalSection
	GlobalSection(ExtensibilityGlobals) = postSolution
		SolutionGuid = {79D6A594-B9DB-41D3-9DD5-C6B3F169F0AC}
	EndGlobalSection
EndGlobal
